
Microsoft Visual Studio Solution File, Format Version 12.00
# Visual Studio Version 17
VisualStudioVersion = 17.11.35222.181
MinimumVisualStudioVersion = 10.0.40219.1
Project("{FAE04EC0-301F-11D3-BF4B-00C04F79EFBC}") = "Blackjack", "Blackjack\Blackjack.csproj", "{0458CE7A-C471-47C8-A05B-26428D5A6885}"
EndProject
Global
	GlobalSection(SolutionConfigurationPlatforms) = preSolution
		Debug|Any CPU = Debug|Any CPU
		Release|Any CPU = Release|Any CPU
	EndGlobalSection
	GlobalSection(ProjectConfigurationPlatforms) = postSolution
		{0458CE7A-C471-47C8-A05B-26428D5A6885}.Debug|Any CPU.ActiveCfg = Debug|Any CPU
		{0458CE7A-C471-47C8-A05B-26428D5A6885}.Debug|Any CPU.Build.0 = Debug|Any CPU
		{0458CE7A-C471-47C8-A05B-26428D5A6885}.Release|Any CPU.ActiveCfg = Release|Any CPU
		{0458CE7A-C471-47C8-A05B-26428D5A6885}.Release|Any CPU.Build.0 = Release|Any CPU
	EndGlobalSection
	GlobalSection(SolutionProperties) = preSolution
		HideSolutionNode = FALSE
	EndGlobalSection
	GlobalSection(ExtensibilityGlobals) = postSolution
		SolutionGuid = {65377E57-1A3C-4D35-9E6B-FFE4A93ADE07}
	EndGlobalSection
EndGlobal
